
Microsoft Visual Studio Solution File, Format Version 12.00
# Visual Studio Version 16
VisualStudioVersion = 16.0.30621.155
MinimumVisualStudioVersion = 10.0.40219.1
Project("{FAE04EC0-301F-11D3-BF4B-00C04F79EFBC}") = "MQTTProducer", "MQTTProducer\MQTTProducer.csproj", "{9018F44F-15E7-4EA4-BDA1-259950A815A6}"
EndProject
Global
	GlobalSection(SolutionConfigurationPlatforms) = preSolution
		Debug|Any CPU = Debug|Any CPU
		Release|Any CPU = Release|Any CPU
	EndGlobalSection
	GlobalSection(ProjectConfigurationPlatforms) = postSolution
		{9018F44F-15E7-4EA4-BDA1-259950A815A6}.Debug|Any CPU.ActiveCfg = Debug|Any CPU
		{9018F44F-15E7-4EA4-BDA1-259950A815A6}.Debug|Any CPU.Build.0 = Debug|Any CPU
		{9018F44F-15E7-4EA4-BDA1-259950A815A6}.Release|Any CPU.ActiveCfg = Release|Any CPU
		{9018F44F-15E7-4EA4-BDA1-259950A815A6}.Release|Any CPU.Build.0 = Release|Any CPU
	EndGlobalSection
	GlobalSection(SolutionProperties) = preSolution
		HideSolutionNode = FALSE
	EndGlobalSection
	GlobalSection(ExtensibilityGlobals) = postSolution
		SolutionGuid = {AF7D9BE1-FF98-4E26-8652-B9D84BE29CA7}
	EndGlobalSection
EndGlobal
